
Microsoft Visual Studio Solution File, Format Version 12.00
# Visual Studio Version 16
VisualStudioVersion = 16.0.29215.179
MinimumVisualStudioVersion = 10.0.40219.1
Project("{FAE04EC0-301F-11D3-BF4B-00C04F79EFBC}") = "Labyrinth", "Labyrinth\Labyrinth.csproj", "{FA27807B-5464-404A-8E90-0C8260A315C2}"
EndProject
Global
	GlobalSection(SolutionConfigurationPlatforms) = preSolution
		Debug|Any CPU = Debug|Any CPU
		Release|Any CPU = Release|Any CPU
	EndGlobalSection
	GlobalSection(ProjectConfigurationPlatforms) = postSolution
		{FA27807B-5464-404A-8E90-0C8260A315C2}.Debug|Any CPU.ActiveCfg = Debug|Any CPU
		{FA27807B-5464-404A-8E90-0C8260A315C2}.Debug|Any CPU.Build.0 = Debug|Any CPU
		{FA27807B-5464-404A-8E90-0C8260A315C2}.Release|Any CPU.ActiveCfg = Release|Any CPU
		{FA27807B-5464-404A-8E90-0C8260A315C2}.Release|Any CPU.Build.0 = Release|Any CPU
	EndGlobalSection
	GlobalSection(SolutionProperties) = preSolution
		HideSolutionNode = FALSE
	EndGlobalSection
	GlobalSection(ExtensibilityGlobals) = postSolution
		SolutionGuid = {667495F7-06E5-4470-AC51-DEFA52D3BE6E}
	EndGlobalSection
EndGlobal
